{
  "name": "aspect.js",
  "version": "0.7.1",
  "lockfileVersion": 1,
  "requires": true,
  "dependencies": {
    "graphviz": {
      "version": "0.0.8",
      "resolved": "https://registry.npmjs.org/graphviz/-/graphviz-0.0.8.tgz",
      "integrity": "sha1-5ZnkBzPvgOFlO/6JpfAx7PKqSqo=",
      "dev": true,
      "requires": {
        "temp": "0.4.0"
      }
    },
    "temp": {
      "version": "0.4.0",
      "resolved": "https://registry.npmjs.org/temp/-/temp-0.4.0.tgz",
      "integrity": "sha1-ZxrWPVe+D+nXKUZks/xABjZnimA=",
      "dev": true
    },
    "tsviz": {
      "version": "1.0.11",
      "resolved": "https://registry.npmjs.org/tsviz/-/tsviz-1.0.11.tgz",
      "integrity": "sha1-T90rUDdIevfLuYcXTTxyO8uvJEQ=",
      "dev": true,
      "requires": {
        "graphviz": "0.0.8",
        "typescript": "1.8.10"
      },
      "dependencies": {
        "typescript": {
          "version": "1.8.10",
          "resolved": "https://registry.npmjs.org/typescript/-/typescript-1.8.10.tgz",
          "integrity": "sha1-tHXW4N/wv1DyluXKbvn7tccyDx4=",
          "dev": true
        }
      }
    }
  }
}
